
Microsoft Visual Studio Solution File, Format Version 12.00
# Visual Studio 15
VisualStudioVersion = 15.0.26730.15
MinimumVisualStudioVersion = 10.0.40219.1
Project("{9A19103F-16F7-4668-BE54-9A1E7A4F7556}") = "Task1", "conditional-statement\Task1.csproj", "{EDD0BFA3-4E79-46E2-89FC-2B7C5834920A}"
EndProject
Project("{9A19103F-16F7-4668-BE54-9A1E7A4F7556}") = "Task2", "task2\Task2.csproj", "{475DA793-E132-4D32-9E65-21C6F0D45C2E}"
EndProject
Project("{9A19103F-16F7-4668-BE54-9A1E7A4F7556}") = "task3", "task3\task3.csproj", "{7C6165CF-51E2-48B1-886D-C75C11206D59}"
EndProject
Project("{9A19103F-16F7-4668-BE54-9A1E7A4F7556}") = "Task4", "task4\Task4.csproj", "{DD48954B-55A4-48CA-A4BF-535674CDC0F9}"
EndProject
Project("{9A19103F-16F7-4668-BE54-9A1E7A4F7556}") = "loop_example", "Task 5\loop_example.csproj", "{43D2EEC5-B865-4395-91B6-5DA21BA25CEE}"
EndProject
Project("{9A19103F-16F7-4668-BE54-9A1E7A4F7556}") = "Task 2.1", "Task 2.1\Task 2.1.csproj", "{828F1A56-4242-4E59-AD10-EE1E5622145F}"
EndProject
Project("{9A19103F-16F7-4668-BE54-9A1E7A4F7556}") = "Task11", "funktioEsim\Task11.csproj", "{0870B7BB-AEDF-47EE-B632-2064BAEA31C2}"
EndProject
Project("{9A19103F-16F7-4668-BE54-9A1E7A4F7556}") = "Task 6", "Task 6\Task 6.csproj", "{580F0247-8CAC-4BD1-B7F9-07A56A2E5EDA}"
EndProject
Project("{9A19103F-16F7-4668-BE54-9A1E7A4F7556}") = "Task7", "Task 7\Task7.csproj", "{8CD6A839-30F6-4F1C-B641-6D2723269B59}"
EndProject
Project("{9A19103F-16F7-4668-BE54-9A1E7A4F7556}") = "Funktio1.1", "funktio teht1\Funktio1.1.csproj", "{8262FBCA-83FD-44AB-986D-032594C02955}"
EndProject
Project("{9A19103F-16F7-4668-BE54-9A1E7A4F7556}") = "Task9", "Task9\Task9.csproj", "{335F7525-D681-4AB5-96E7-22F1CE3CE6FA}"
EndProject
Project("{9A19103F-16F7-4668-BE54-9A1E7A4F7556}") = "Task10", "Task10\Task10.csproj", "{2A647BC1-E97C-47F2-A403-02D2C21F8F17}"
EndProject
Project("{9A19103F-16F7-4668-BE54-9A1E7A4F7556}") = "Task3.1", "Task3.1\Task3.1.csproj", "{7237A2C7-28DC-42E1-AF5A-8448804DE0FE}"
EndProject
Project("{9A19103F-16F7-4668-BE54-9A1E7A4F7556}") = "Task3.2", "Task3.2\Task3.2.csproj", "{58D75BFE-1F6D-4580-B980-9EAEEA26D5A6}"
EndProject
Project("{9A19103F-16F7-4668-BE54-9A1E7A4F7556}") = "Task3.3", "Task3.3\Task3.3.csproj", "{C2E40FFD-86E5-4913-9F7F-8D4ED75AC6B9}"
EndProject
Project("{9A19103F-16F7-4668-BE54-9A1E7A4F7556}") = "Task3.4", "Task4.4\Task3.4.csproj", "{75CD404B-035C-4BAB-9CDA-31485904B6F0}"
EndProject
Project("{9A19103F-16F7-4668-BE54-9A1E7A4F7556}") = "Task3.5", "Task3.5\Task3.5.csproj", "{BC723070-8A13-45F0-8E2A-73657409D717}"
EndProject
Project("{9A19103F-16F7-4668-BE54-9A1E7A4F7556}") = "Task3.6", "Task3.6\Task3.6.csproj", "{1069CF76-7F75-4B45-9F5F-19C3300E978B}"
EndProject
Project("{FAE04EC0-301F-11D3-BF4B-00C04F79EFBC}") = "Funktio1.2", "Funktio1.2\Funktio1.2.csproj", "{3992E724-F018-49C6-BCF0-EBEEE937C414}"
EndProject
Global
	GlobalSection(SolutionConfigurationPlatforms) = preSolution
		Debug|Any CPU = Debug|Any CPU
		Release|Any CPU = Release|Any CPU
	EndGlobalSection
	GlobalSection(ProjectConfigurationPlatforms) = postSolution
		{EDD0BFA3-4E79-46E2-89FC-2B7C5834920A}.Debug|Any CPU.ActiveCfg = Debug|Any CPU
		{EDD0BFA3-4E79-46E2-89FC-2B7C5834920A}.Debug|Any CPU.Build.0 = Debug|Any CPU
		{EDD0BFA3-4E79-46E2-89FC-2B7C5834920A}.Release|Any CPU.ActiveCfg = Release|Any CPU
		{EDD0BFA3-4E79-46E2-89FC-2B7C5834920A}.Release|Any CPU.Build.0 = Release|Any CPU
		{475DA793-E132-4D32-9E65-21C6F0D45C2E}.Debug|Any CPU.ActiveCfg = Debug|Any CPU
		{475DA793-E132-4D32-9E65-21C6F0D45C2E}.Debug|Any CPU.Build.0 = Debug|Any CPU
		{475DA793-E132-4D32-9E65-21C6F0D45C2E}.Release|Any CPU.ActiveCfg = Release|Any CPU
		{475DA793-E132-4D32-9E65-21C6F0D45C2E}.Release|Any CPU.Build.0 = Release|Any CPU
		{7C6165CF-51E2-48B1-886D-C75C11206D59}.Debug|Any CPU.ActiveCfg = Debug|Any CPU
		{7C6165CF-51E2-48B1-886D-C75C11206D59}.Debug|Any CPU.Build.0 = Debug|Any CPU
		{7C6165CF-51E2-48B1-886D-C75C11206D59}.Release|Any CPU.ActiveCfg = Release|Any CPU
		{7C6165CF-51E2-48B1-886D-C75C11206D59}.Release|Any CPU.Build.0 = Release|Any CPU
		{DD48954B-55A4-48CA-A4BF-535674CDC0F9}.Debug|Any CPU.ActiveCfg = Debug|Any CPU
		{DD48954B-55A4-48CA-A4BF-535674CDC0F9}.Debug|Any CPU.Build.0 = Debug|Any CPU
		{DD48954B-55A4-48CA-A4BF-535674CDC0F9}.Release|Any CPU.ActiveCfg = Release|Any CPU
		{DD48954B-55A4-48CA-A4BF-535674CDC0F9}.Release|Any CPU.Build.0 = Release|Any CPU
		{43D2EEC5-B865-4395-91B6-5DA21BA25CEE}.Debug|Any CPU.ActiveCfg = Debug|Any CPU
		{43D2EEC5-B865-4395-91B6-5DA21BA25CEE}.Debug|Any CPU.Build.0 = Debug|Any CPU
		{43D2EEC5-B865-4395-91B6-5DA21BA25CEE}.Release|Any CPU.ActiveCfg = Release|Any CPU
		{43D2EEC5-B865-4395-91B6-5DA21BA25CEE}.Release|Any CPU.Build.0 = Release|Any CPU
		{828F1A56-4242-4E59-AD10-EE1E5622145F}.Debug|Any CPU.ActiveCfg = Debug|Any CPU
		{828F1A56-4242-4E59-AD10-EE1E5622145F}.Debug|Any CPU.Build.0 = Debug|Any CPU
		{828F1A56-4242-4E59-AD10-EE1E5622145F}.Release|Any CPU.ActiveCfg = Release|Any CPU
		{828F1A56-4242-4E59-AD10-EE1E5622145F}.Release|Any CPU.Build.0 = Release|Any CPU
		{0870B7BB-AEDF-47EE-B632-2064BAEA31C2}.Debug|Any CPU.ActiveCfg = Debug|Any CPU
		{0870B7BB-AEDF-47EE-B632-2064BAEA31C2}.Debug|Any CPU.Build.0 = Debug|Any CPU
		{0870B7BB-AEDF-47EE-B632-2064BAEA31C2}.Release|Any CPU.ActiveCfg = Release|Any CPU
		{0870B7BB-AEDF-47EE-B632-2064BAEA31C2}.Release|Any CPU.Build.0 = Release|Any CPU
		{580F0247-8CAC-4BD1-B7F9-07A56A2E5EDA}.Debug|Any CPU.ActiveCfg = Debug|Any CPU
		{580F0247-8CAC-4BD1-B7F9-07A56A2E5EDA}.Debug|Any CPU.Build.0 = Debug|Any CPU
		{580F0247-8CAC-4BD1-B7F9-07A56A2E5EDA}.Release|Any CPU.ActiveCfg = Release|Any CPU
		{580F0247-8CAC-4BD1-B7F9-07A56A2E5EDA}.Release|Any CPU.Build.0 = Release|Any CPU
		{8CD6A839-30F6-4F1C-B641-6D2723269B59}.Debug|Any CPU.ActiveCfg = Debug|Any CPU
		{8CD6A839-30F6-4F1C-B641-6D2723269B59}.Debug|Any CPU.Build.0 = Debug|Any CPU
		{8CD6A839-30F6-4F1C-B641-6D2723269B59}.Release|Any CPU.ActiveCfg = Release|Any CPU
		{8CD6A839-30F6-4F1C-B641-6D2723269B59}.Release|Any CPU.Build.0 = Release|Any CPU
		{8262FBCA-83FD-44AB-986D-032594C02955}.Debug|Any CPU.ActiveCfg = Debug|Any CPU
		{8262FBCA-83FD-44AB-986D-032594C02955}.Debug|Any CPU.Build.0 = Debug|Any CPU
		{8262FBCA-83FD-44AB-986D-032594C02955}.Release|Any CPU.ActiveCfg = Release|Any CPU
		{8262FBCA-83FD-44AB-986D-032594C02955}.Release|Any CPU.Build.0 = Release|Any CPU
		{335F7525-D681-4AB5-96E7-22F1CE3CE6FA}.Debug|Any CPU.ActiveCfg = Debug|Any CPU
		{335F7525-D681-4AB5-96E7-22F1CE3CE6FA}.Debug|Any CPU.Build.0 = Debug|Any CPU
		{335F7525-D681-4AB5-96E7-22F1CE3CE6FA}.Release|Any CPU.ActiveCfg = Release|Any CPU
		{335F7525-D681-4AB5-96E7-22F1CE3CE6FA}.Release|Any CPU.Build.0 = Release|Any CPU
		{2A647BC1-E97C-47F2-A403-02D2C21F8F17}.Debug|Any CPU.ActiveCfg = Debug|Any CPU
		{2A647BC1-E97C-47F2-A403-02D2C21F8F17}.Debug|Any CPU.Build.0 = Debug|Any CPU
		{2A647BC1-E97C-47F2-A403-02D2C21F8F17}.Release|Any CPU.ActiveCfg = Release|Any CPU
		{2A647BC1-E97C-47F2-A403-02D2C21F8F17}.Release|Any CPU.Build.0 = Release|Any CPU
		{7237A2C7-28DC-42E1-AF5A-8448804DE0FE}.Debug|Any CPU.ActiveCfg = Debug|Any CPU
		{7237A2C7-28DC-42E1-AF5A-8448804DE0FE}.Debug|Any CPU.Build.0 = Debug|Any CPU
		{7237A2C7-28DC-42E1-AF5A-8448804DE0FE}.Release|Any CPU.ActiveCfg = Release|Any CPU
		{7237A2C7-28DC-42E1-AF5A-8448804DE0FE}.Release|Any CPU.Build.0 = Release|Any CPU
		{58D75BFE-1F6D-4580-B980-9EAEEA26D5A6}.Debug|Any CPU.ActiveCfg = Debug|Any CPU
		{58D75BFE-1F6D-4580-B980-9EAEEA26D5A6}.Debug|Any CPU.Build.0 = Debug|Any CPU
		{58D75BFE-1F6D-4580-B980-9EAEEA26D5A6}.Release|Any CPU.ActiveCfg = Release|Any CPU
		{58D75BFE-1F6D-4580-B980-9EAEEA26D5A6}.Release|Any CPU.Build.0 = Release|Any CPU
		{C2E40FFD-86E5-4913-9F7F-8D4ED75AC6B9}.Debug|Any CPU.ActiveCfg = Debug|Any CPU
		{C2E40FFD-86E5-4913-9F7F-8D4ED75AC6B9}.Debug|Any CPU.Build.0 = Debug|Any CPU
		{C2E40FFD-86E5-4913-9F7F-8D4ED75AC6B9}.Release|Any CPU.ActiveCfg = Release|Any CPU
		{C2E40FFD-86E5-4913-9F7F-8D4ED75AC6B9}.Release|Any CPU.Build.0 = Release|Any CPU
		{75CD404B-035C-4BAB-9CDA-31485904B6F0}.Debug|Any CPU.ActiveCfg = Debug|Any CPU
		{75CD404B-035C-4BAB-9CDA-31485904B6F0}.Debug|Any CPU.Build.0 = Debug|Any CPU
		{75CD404B-035C-4BAB-9CDA-31485904B6F0}.Release|Any CPU.ActiveCfg = Release|Any CPU
		{75CD404B-035C-4BAB-9CDA-31485904B6F0}.Release|Any CPU.Build.0 = Release|Any CPU
		{BC723070-8A13-45F0-8E2A-73657409D717}.Debug|Any CPU.ActiveCfg = Debug|Any CPU
		{BC723070-8A13-45F0-8E2A-73657409D717}.Debug|Any CPU.Build.0 = Debug|Any CPU
		{BC723070-8A13-45F0-8E2A-73657409D717}.Release|Any CPU.ActiveCfg = Release|Any CPU
		{BC723070-8A13-45F0-8E2A-73657409D717}.Release|Any CPU.Build.0 = Release|Any CPU
		{1069CF76-7F75-4B45-9F5F-19C3300E978B}.Debug|Any CPU.ActiveCfg = Debug|Any CPU
		{1069CF76-7F75-4B45-9F5F-19C3300E978B}.Debug|Any CPU.Build.0 = Debug|Any CPU
		{1069CF76-7F75-4B45-9F5F-19C3300E978B}.Release|Any CPU.ActiveCfg = Release|Any CPU
		{1069CF76-7F75-4B45-9F5F-19C3300E978B}.Release|Any CPU.Build.0 = Release|Any CPU
		{3992E724-F018-49C6-BCF0-EBEEE937C414}.Debug|Any CPU.ActiveCfg = Debug|Any CPU
		{3992E724-F018-49C6-BCF0-EBEEE937C414}.Debug|Any CPU.Build.0 = Debug|Any CPU
		{3992E724-F018-49C6-BCF0-EBEEE937C414}.Release|Any CPU.ActiveCfg = Release|Any CPU
		{3992E724-F018-49C6-BCF0-EBEEE937C414}.Release|Any CPU.Build.0 = Release|Any CPU
	EndGlobalSection
	GlobalSection(SolutionProperties) = preSolution
		HideSolutionNode = FALSE
	EndGlobalSection
	GlobalSection(ExtensibilityGlobals) = postSolution
		SolutionGuid = {0F7CCD42-C454-477E-8371-4BE31B379ECD}
	EndGlobalSection
EndGlobal
