
Microsoft Visual Studio Solution File, Format Version 12.00
# Visual Studio 15
VisualStudioVersion = 15.0.26730.15
MinimumVisualStudioVersion = 10.0.40219.1
Project("{9A19103F-16F7-4668-BE54-9A1E7A4F7556}") = "task1", "conditional-statement\task1.csproj", "{EDD0BFA3-4E79-46E2-89FC-2B7C5834920A}"
EndProject
Project("{9A19103F-16F7-4668-BE54-9A1E7A4F7556}") = "task2", "task2\task2.csproj", "{475DA793-E132-4D32-9E65-21C6F0D45C2E}"
EndProject
Project("{9A19103F-16F7-4668-BE54-9A1E7A4F7556}") = "task3", "task3\task3.csproj", "{7C6165CF-51E2-48B1-886D-C75C11206D59}"
EndProject
Project("{9A19103F-16F7-4668-BE54-9A1E7A4F7556}") = "task4", "task4\task4.csproj", "{DD48954B-55A4-48CA-A4BF-535674CDC0F9}"
EndProject
Project("{9A19103F-16F7-4668-BE54-9A1E7A4F7556}") = "loop_example", "Task 5\loop_example.csproj", "{43D2EEC5-B865-4395-91B6-5DA21BA25CEE}"
EndProject
Project("{9A19103F-16F7-4668-BE54-9A1E7A4F7556}") = "Task 2.1", "Task 2.1\Task 2.1.csproj", "{828F1A56-4242-4E59-AD10-EE1E5622145F}"
EndProject
Project("{9A19103F-16F7-4668-BE54-9A1E7A4F7556}") = "funktioEsim", "funktioEsim\funktioEsim.csproj", "{0870B7BB-AEDF-47EE-B632-2064BAEA31C2}"
EndProject
Project("{FAE04EC0-301F-11D3-BF4B-00C04F79EFBC}") = "Task 6", "Task 6\Task 6.csproj", "{580F0247-8CAC-4BD1-B7F9-07A56A2E5EDA}"
EndProject
Project("{FAE04EC0-301F-11D3-BF4B-00C04F79EFBC}") = "Task 7", "Task 7\Task 7.csproj", "{8CD6A839-30F6-4F1C-B641-6D2723269B59}"
EndProject
Global
	GlobalSection(SolutionConfigurationPlatforms) = preSolution
		Debug|Any CPU = Debug|Any CPU
		Release|Any CPU = Release|Any CPU
	EndGlobalSection
	GlobalSection(ProjectConfigurationPlatforms) = postSolution
		{EDD0BFA3-4E79-46E2-89FC-2B7C5834920A}.Debug|Any CPU.ActiveCfg = Debug|Any CPU
		{EDD0BFA3-4E79-46E2-89FC-2B7C5834920A}.Debug|Any CPU.Build.0 = Debug|Any CPU
		{EDD0BFA3-4E79-46E2-89FC-2B7C5834920A}.Release|Any CPU.ActiveCfg = Release|Any CPU
		{EDD0BFA3-4E79-46E2-89FC-2B7C5834920A}.Release|Any CPU.Build.0 = Release|Any CPU
		{475DA793-E132-4D32-9E65-21C6F0D45C2E}.Debug|Any CPU.ActiveCfg = Debug|Any CPU
		{475DA793-E132-4D32-9E65-21C6F0D45C2E}.Debug|Any CPU.Build.0 = Debug|Any CPU
		{475DA793-E132-4D32-9E65-21C6F0D45C2E}.Release|Any CPU.ActiveCfg = Release|Any CPU
		{475DA793-E132-4D32-9E65-21C6F0D45C2E}.Release|Any CPU.Build.0 = Release|Any CPU
		{7C6165CF-51E2-48B1-886D-C75C11206D59}.Debug|Any CPU.ActiveCfg = Debug|Any CPU
		{7C6165CF-51E2-48B1-886D-C75C11206D59}.Debug|Any CPU.Build.0 = Debug|Any CPU
		{7C6165CF-51E2-48B1-886D-C75C11206D59}.Release|Any CPU.ActiveCfg = Release|Any CPU
		{7C6165CF-51E2-48B1-886D-C75C11206D59}.Release|Any CPU.Build.0 = Release|Any CPU
		{DD48954B-55A4-48CA-A4BF-535674CDC0F9}.Debug|Any CPU.ActiveCfg = Debug|Any CPU
		{DD48954B-55A4-48CA-A4BF-535674CDC0F9}.Debug|Any CPU.Build.0 = Debug|Any CPU
		{DD48954B-55A4-48CA-A4BF-535674CDC0F9}.Release|Any CPU.ActiveCfg = Release|Any CPU
		{DD48954B-55A4-48CA-A4BF-535674CDC0F9}.Release|Any CPU.Build.0 = Release|Any CPU
		{43D2EEC5-B865-4395-91B6-5DA21BA25CEE}.Debug|Any CPU.ActiveCfg = Debug|Any CPU
		{43D2EEC5-B865-4395-91B6-5DA21BA25CEE}.Debug|Any CPU.Build.0 = Debug|Any CPU
		{43D2EEC5-B865-4395-91B6-5DA21BA25CEE}.Release|Any CPU.ActiveCfg = Release|Any CPU
		{43D2EEC5-B865-4395-91B6-5DA21BA25CEE}.Release|Any CPU.Build.0 = Release|Any CPU
		{828F1A56-4242-4E59-AD10-EE1E5622145F}.Debug|Any CPU.ActiveCfg = Debug|Any CPU
		{828F1A56-4242-4E59-AD10-EE1E5622145F}.Debug|Any CPU.Build.0 = Debug|Any CPU
		{828F1A56-4242-4E59-AD10-EE1E5622145F}.Release|Any CPU.ActiveCfg = Release|Any CPU
		{828F1A56-4242-4E59-AD10-EE1E5622145F}.Release|Any CPU.Build.0 = Release|Any CPU
		{0870B7BB-AEDF-47EE-B632-2064BAEA31C2}.Debug|Any CPU.ActiveCfg = Debug|Any CPU
		{0870B7BB-AEDF-47EE-B632-2064BAEA31C2}.Debug|Any CPU.Build.0 = Debug|Any CPU
		{0870B7BB-AEDF-47EE-B632-2064BAEA31C2}.Release|Any CPU.ActiveCfg = Release|Any CPU
		{0870B7BB-AEDF-47EE-B632-2064BAEA31C2}.Release|Any CPU.Build.0 = Release|Any CPU
		{580F0247-8CAC-4BD1-B7F9-07A56A2E5EDA}.Debug|Any CPU.ActiveCfg = Debug|Any CPU
		{580F0247-8CAC-4BD1-B7F9-07A56A2E5EDA}.Debug|Any CPU.Build.0 = Debug|Any CPU
		{580F0247-8CAC-4BD1-B7F9-07A56A2E5EDA}.Release|Any CPU.ActiveCfg = Release|Any CPU
		{580F0247-8CAC-4BD1-B7F9-07A56A2E5EDA}.Release|Any CPU.Build.0 = Release|Any CPU
		{8CD6A839-30F6-4F1C-B641-6D2723269B59}.Debug|Any CPU.ActiveCfg = Debug|Any CPU
		{8CD6A839-30F6-4F1C-B641-6D2723269B59}.Debug|Any CPU.Build.0 = Debug|Any CPU
		{8CD6A839-30F6-4F1C-B641-6D2723269B59}.Release|Any CPU.ActiveCfg = Release|Any CPU
		{8CD6A839-30F6-4F1C-B641-6D2723269B59}.Release|Any CPU.Build.0 = Release|Any CPU
	EndGlobalSection
	GlobalSection(SolutionProperties) = preSolution
		HideSolutionNode = FALSE
	EndGlobalSection
	GlobalSection(ExtensibilityGlobals) = postSolution
		SolutionGuid = {0F7CCD42-C454-477E-8371-4BE31B379ECD}
	EndGlobalSection
EndGlobal
